// !$*UTF8*$!
{
	archiveVersion = 1;
	classes = {
	};
	objectVersion = 77;
	objects = {

/* Begin PBXContainerItemProxy section */
		1C2292982D9EC35C0006B643 /* PBXContainerItemProxy */ = {
			isa = PBXContainerItemProxy;
			containerPortal = 1C2292822D9EC3560006B643 /* Project object */;
			proxyType = 1;
			remoteGlobalIDString = 1C2292892D9EC3560006B643;
			remoteInfo = PuzzleCompass;
		};
		1C2292A22D9EC35C0006B643 /* PBXContainerItemProxy */ = {
			isa = PBXContainerItemProxy;
			containerPortal = 1C2292822D9EC3560006B643 /* Project object */;
			proxyType = 1;
			remoteGlobalIDString = 1C2292892D9EC3560006B643;
			remoteInfo = PuzzleCompass;
		};
/* End PBXContainerItemProxy section */

/* Begin PBXFileReference section */
		1C22928A2D9EC3560006B643 /* PuzzleCompass.app */ = {isa = PBXFileReference; explicitFileType = wrapper.application; includeInIndex = 0; path = PuzzleCompass.app; sourceTree = BUILT_PRODUCTS_DIR; };
		1C2292972D9EC35C0006B643 /* PuzzleCompassTests.xctest */ = {isa = PBXFileReference; explicitFileType = wrapper.cfbundle; includeInIndex = 0; path = PuzzleCompassTests.xctest; sourceTree = BUILT_PRODUCTS_DIR; };
		1C2292A12D9EC35C0006B643 /* PuzzleCompassUITests.xctest */ = {isa = PBXFileReference; explicitFileType = wrapper.cfbundle; includeInIndex = 0; path = PuzzleCompassUITests.xctest; sourceTree = BUILT_PRODUCTS_DIR; };
/* End PBXFileReference section */

/* Begin PBXFileSystemSynchronizedRootGroup section */
		1C22928C2D9EC3560006B643 /* PuzzleCompass */ = {
			isa = PBXFileSystemSynchronizedRootGroup;
			path = PuzzleCompass;
			sourceTree = "<group>";
		};
		1C22929A2D9EC35C0006B643 /* PuzzleCompassTests */ = {
			isa = PBXFileSystemSynchronizedRootGroup;
			path = PuzzleCompassTests;
			sourceTree = "<group>";
		};
		1C2292A42D9EC35C0006B643 /* PuzzleCompassUITests */ = {
			isa = PBXFileSystemSynchronizedRootGroup;
			path = PuzzleCompassUITests;
			sourceTree = "<group>";
		};
/* End PBXFileSystemSynchronizedRootGroup section */

/* Begin PBXFrameworksBuildPhase section */
		1C2292872D9EC3560006B643 /* Frameworks */ = {
			isa = PBXFrameworksBuildPhase;
			buildActionMask = 2147483647;
			files = (
			);
			runOnlyForDeploymentPostprocessing = 0;
		};
		1C2292942D9EC35C0006B643 /* Frameworks */ = {
			isa = PBXFrameworksBuildPhase;
			buildActionMask = 2147483647;
			files = (
			);
			runOnlyForDeploymentPostprocessing = 0;
		};
		1C22929E2D9EC35C0006B643 /* Frameworks */ = {
			isa = PBXFrameworksBuildPhase;
			buildActionMask = 2147483647;
			files = (
			);
			runOnlyForDeploymentPostprocessing = 0;
		};
/* End PBXFrameworksBuildPhase section */

/* Begin PBXGroup section */
		1C2292812D9EC3560006B643 = {
			isa = PBXGroup;
			children = (
				1C22928C2D9EC3560006B643 /* PuzzleCompass */,
				1C22929A2D9EC35C0006B643 /* PuzzleCompassTests */,
				1C2292A42D9EC35C0006B643 /* PuzzleCompassUITests */,
				1C22928B2D9EC3560006B643 /* Products */,
			);
			sourceTree = "<group>";
		};
		1C22928B2D9EC3560006B643 /* Products */ = {
			isa = PBXGroup;
			children = (
				1C22928A2D9EC3560006B643 /* PuzzleCompass.app */,
				1C2292972D9EC35C0006B643 /* PuzzleCompassTests.xctest */,
				1C2292A12D9EC35C0006B643 /* PuzzleCompassUITests.xctest */,
			);
			name = Products;
			sourceTree = "<group>";
		};
/* End PBXGroup section */

/* Begin PBXNativeTarget section */
		1C2292892D9EC3560006B643 /* PuzzleCompass */ = {
			isa = PBXNativeTarget;
			buildConfigurationList = 1C2292AB2D9EC35C0006B643 /* Build configuration list for PBXNativeTarget "PuzzleCompass" */;
			buildPhases = (
				1C2292862D9EC3560006B643 /* Sources */,
				1C2292872D9EC3560006B643 /* Frameworks */,
				1C2292882D9EC3560006B643 /* Resources */,
			);
			buildRules = (
			);
			dependencies = (
			);
			fileSystemSynchronizedGroups = (
				1C22928C2D9EC3560006B643 /* PuzzleCompass */,
			);
			name = PuzzleCompass;
			packageProductDependencies = (
			);
			productName = PuzzleCompass;
			productReference = 1C22928A2D9EC3560006B643 /* PuzzleCompass.app */;
			productType = "com.apple.product-type.application";
		};
		1C2292962D9EC35C0006B643 /* PuzzleCompassTests */ = {
			isa = PBXNativeTarget;
			buildConfigurationList = 1C2292AE2D9EC35C0006B643 /* Build configuration list for PBXNativeTarget "PuzzleCompassTests" */;
			buildPhases = (
				1C2292932D9EC35C0006B643 /* Sources */,
				1C2292942D9EC35C0006B643 /* Frameworks */,
				1C2292952D9EC35C0006B643 /* Resources */,
			);
			buildRules = (
			);
			dependencies = (
				1C2292992D9EC35C0006B643 /* PBXTargetDependency */,
			);
			fileSystemSynchronizedGroups = (
				1C22929A2D9EC35C0006B643 /* PuzzleCompassTests */,
			);
			name = PuzzleCompassTests;
			packageProductDependencies = (
			);
			productName = PuzzleCompassTests;
			productReference = 1C2292972D9EC35C0006B643 /* PuzzleCompassTests.xctest */;
			productType = "com.apple.product-type.bundle.unit-test";
		};
		1C2292A02D9EC35C0006B643 /* PuzzleCompassUITests */ = {
			isa = PBXNativeTarget;
			buildConfigurationList = 1C2292B12D9EC35C0006B643 /* Build configuration list for PBXNativeTarget "PuzzleCompassUITests" */;
			buildPhases = (
				1C22929D2D9EC35C0006B643 /* Sources */,
				1C22929E2D9EC35C0006B643 /* Frameworks */,
				1C22929F2D9EC35C0006B643 /* Resources */,
			);
			buildRules = (
			);
			dependencies = (
				1C2292A32D9EC35C0006B643 /* PBXTargetDependency */,
			);
			fileSystemSynchronizedGroups = (
				1C2292A42D9EC35C0006B643 /* PuzzleCompassUITests */,
			);
			name = PuzzleCompassUITests;
			packageProductDependencies = (
			);
			productName = PuzzleCompassUITests;
			productReference = 1C2292A12D9EC35C0006B643 /* PuzzleCompassUITests.xctest */;
			productType = "com.apple.product-type.bundle.ui-testing";
		};
/* End PBXNativeTarget section */

/* Begin PBXProject section */
		1C2292822D9EC3560006B643 /* Project object */ = {
			isa = PBXProject;
			attributes = {
				BuildIndependentTargetsInParallel = 1;
				LastSwiftUpdateCheck = 1630;
				LastUpgradeCheck = 1630;
				TargetAttributes = {
					1C2292892D9EC3560006B643 = {
						CreatedOnToolsVersion = 16.3;
					};
					1C2292962D9EC35C0006B643 = {
						CreatedOnToolsVersion = 16.3;
						TestTargetID = 1C2292892D9EC3560006B643;
					};
					1C2292A02D9EC35C0006B643 = {
						CreatedOnToolsVersion = 16.3;
						TestTargetID = 1C2292892D9EC3560006B643;
					};
				};
			};
			buildConfigurationList = 1C2292852D9EC3560006B643 /* Build configuration list for PBXProject "PuzzleCompass" */;
			developmentRegion = en;
			hasScannedForEncodings = 0;
			knownRegions = (
				en,
				Base,
			);
			mainGroup = 1C2292812D9EC3560006B643;
			minimizedProjectReferenceProxies = 1;
			preferredProjectObjectVersion = 77;
			productRefGroup = 1C22928B2D9EC3560006B643 /* Products */;
			projectDirPath = "";
			projectRoot = "";
			targets = (
				1C2292892D9EC3560006B643 /* PuzzleCompass */,
				1C2292962D9EC35C0006B643 /* PuzzleCompassTests */,
				1C2292A02D9EC35C0006B643 /* PuzzleCompassUITests */,
			);
		};
/* End PBXProject section */

/* Begin PBXResourcesBuildPhase section */
		1C2292882D9EC3560006B643 /* Resources */ = {
			isa = PBXResourcesBuildPhase;
			buildActionMask = 2147483647;
			files = (
			);
			runOnlyForDeploymentPostprocessing = 0;
		};
		1C2292952D9EC35C0006B643 /* Resources */ = {
			isa = PBXResourcesBuildPhase;
			buildActionMask = 2147483647;
			files = (
			);
			runOnlyForDeploymentPostprocessing = 0;
		};
		1C22929F2D9EC35C0006B643 /* Resources */ = {
			isa = PBXResourcesBuildPhase;
			buildActionMask = 2147483647;
			files = (
			);
			runOnlyForDeploymentPostprocessing = 0;
		};
/* End PBXResourcesBuildPhase section */

/* Begin PBXSourcesBuildPhase section */
		1C2292862D9EC3560006B643 /* Sources */ = {
			isa = PBXSourcesBuildPhase;
			buildActionMask = 2147483647;
			files = (
			);
			runOnlyForDeploymentPostprocessing = 0;
		};
		1C2292932D9EC35C0006B643 /* Sources */ = {
			isa = PBXSourcesBuildPhase;
			buildActionMask = 2147483647;
			files = (
			);
			runOnlyForDeploymentPostprocessing = 0;
		};
		1C22929D2D9EC35C0006B643 /* Sources */ = {
			isa = PBXSourcesBuildPhase;
			buildActionMask = 2147483647;
			files = (
			);
			runOnlyForDeploymentPostprocessing = 0;
		};
/* End PBXSourcesBuildPhase section */

/* Begin PBXTargetDependency section */
		1C2292992D9EC35C0006B643 /* PBXTargetDependency */ = {
			isa = PBXTargetDependency;
			target = 1C2292892D9EC3560006B643 /* PuzzleCompass */;
			targetProxy = 1C2292982D9EC35C0006B643 /* PBXContainerItemProxy */;
		};
		1C2292A32D9EC35C0006B643 /* PBXTargetDependency */ = {
			isa = PBXTargetDependency;
			target = 1C2292892D9EC3560006B643 /* PuzzleCompass */;
			targetProxy = 1C2292A22D9EC35C0006B643 /* PBXContainerItemProxy */;
		};
/* End PBXTargetDependency section */

/* Begin XCBuildConfiguration section */
		1C2292A92D9EC35C0006B643 /* Debug */ = {
			isa = XCBuildConfiguration;
			buildSettings = {
				ALWAYS_SEARCH_USER_PATHS = NO;
				ASSETCATALOG_COMPILER_GENERATE_SWIFT_ASSET_SYMBOL_EXTENSIONS = YES;
				CLANG_ANALYZER_NONNULL = YES;
				CLANG_ANALYZER_NUMBER_OBJECT_CONVERSION = YES_AGGRESSIVE;
				CLANG_CXX_LANGUAGE_STANDARD = "gnu++20";
				CLANG_ENABLE_MODULES = YES;
				CLANG_ENABLE_OBJC_ARC = YES;
				CLANG_ENABLE_OBJC_WEAK = YES;
				CLANG_WARN_BLOCK_CAPTURE_AUTORELEASING = YES;
				CLANG_WARN_BOOL_CONVERSION = YES;
				CLANG_WARN_COMMA = YES;
				CLANG_WARN_CONSTANT_CONVERSION = YES;
				CLANG_WARN_DEPRECATED_OBJC_IMPLEMENTATIONS = YES;
				CLANG_WARN_DIRECT_OBJC_ISA_USAGE = YES_ERROR;
				CLANG_WARN_DOCUMENTATION_COMMENTS = YES;
				CLANG_WARN_EMPTY_BODY = YES;
				CLANG_WARN_ENUM_CONVERSION = YES;
				CLANG_WARN_INFINITE_RECURSION = YES;
				CLANG_WARN_INT_CONVERSION = YES;
				CLANG_WARN_NON_LITERAL_NULL_CONVERSION = YES;
				CLANG_WARN_OBJC_IMPLICIT_RETAIN_SELF = YES;
				CLANG_WARN_OBJC_LITERAL_CONVERSION = YES;
				CLANG_WARN_OBJC_ROOT_CLASS = YES_ERROR;
				CLANG_WARN_QUOTED_INCLUDE_IN_FRAMEWORK_HEADER = YES;
				CLANG_WARN_RANGE_LOOP_ANALYSIS = YES;
				CLANG_WARN_STRICT_PROTOTYPES = YES;
				CLANG_WARN_SUSPICIOUS_MOVE = YES;
				CLANG_WARN_UNGUARDED_AVAILABILITY = YES_AGGRESSIVE;
				CLANG_WARN_UNREACHABLE_CODE = YES;
				CLANG_WARN__DUPLICATE_METHOD_MATCH = YES;
				COPY_PHASE_STRIP = NO;
				DEBUG_INFORMATION_FORMAT = dwarf;
				DEVELOPMENT_TEAM = BTJJQSGHJG;
				ENABLE_STRICT_OBJC_MSGSEND = YES;
				ENABLE_TESTABILITY = YES;
				ENABLE_USER_SCRIPT_SANDBOXING = YES;
				GCC_C_LANGUAGE_STANDARD = gnu17;
				GCC_DYNAMIC_NO_PIC = NO;
				GCC_NO_COMMON_BLOCKS = YES;
				GCC_OPTIMIZATION_LEVEL = 0;
				GCC_PREPROCESSOR_DEFINITIONS = (
					"DEBUG=1",
					"$(inherited)",
				);
				GCC_WARN_64_TO_32_BIT_CONVERSION = YES;
				GCC_WARN_ABOUT_RETURN_TYPE = YES_ERROR;
				GCC_WARN_UNDECLARED_SELECTOR = YES;
				GCC_WARN_UNINITIALIZED_AUTOS = YES_AGGRESSIVE;
				GCC_WARN_UNUSED_FUNCTION = YES;
				GCC_WARN_UNUSED_VARIABLE = YES;
				IPHONEOS_DEPLOYMENT_TARGET = 18.4;
				LOCALIZATION_PREFERS_STRING_CATALOGS = YES;
				MTL_ENABLE_DEBUG_INFO = INCLUDE_SOURCE;
				MTL_FAST_MATH = YES;
				ONLY_ACTIVE_ARCH = YES;
				SDKROOT = iphoneos;
				SWIFT_ACTIVE_COMPILATION_CONDITIONS = "DEBUG $(inherited)";
				SWIFT_OPTIMIZATION_LEVEL = "-Onone";
			};
			name = Debug;
		};
		1C2292AA2D9EC35C0006B643 /* Release */ = {
			isa = XCBuildConfiguration;
			buildSettings = {
				ALWAYS_SEARCH_USER_PATHS = NO;
				ASSETCATALOG_COMPILER_GENERATE_SWIFT_ASSET_SYMBOL_EXTENSIONS = YES;
				CLANG_ANALYZER_NONNULL = YES;
				CLANG_ANALYZER_NUMBER_OBJECT_CONVERSION = YES_AGGRESSIVE;
				CLANG_CXX_LANGUAGE_STANDARD = "gnu++20";
				CLANG_ENABLE_MODULES = YES;
				CLANG_ENABLE_OBJC_ARC = YES;
				CLANG_ENABLE_OBJC_WEAK = YES;
				CLANG_WARN_BLOCK_CAPTURE_AUTORELEASING = YES;
				CLANG_WARN_BOOL_CONVERSION = YES;
				CLANG_WARN_COMMA = YES;
				CLANG_WARN_CONSTANT_CONVERSION = YES;
				CLANG_WARN_DEPRECATED_OBJC_IMPLEMENTATIONS = YES;
				CLANG_WARN_DIRECT_OBJC_ISA_USAGE = YES_ERROR;
				CLANG_WARN_DOCUMENTATION_COMMENTS = YES;
				CLANG_WARN_EMPTY_BODY = YES;
				CLANG_WARN_ENUM_CONVERSION = YES;
				CLANG_WARN_INFINITE_RECURSION = YES;
				CLANG_WARN_INT_CONVERSION = YES;
				CLANG_WARN_NON_LITERAL_NULL_CONVERSION = YES;
				CLANG_WARN_OBJC_IMPLICIT_RETAIN_SELF = YES;
				CLANG_WARN_OBJC_LITERAL_CONVERSION = YES;
				CLANG_WARN_OBJC_ROOT_CLASS = YES_ERROR;
				CLANG_WARN_QUOTED_INCLUDE_IN_FRAMEWORK_HEADER = YES;
				CLANG_WARN_RANGE_LOOP_ANALYSIS = YES;
				CLANG_WARN_STRICT_PROTOTYPES = YES;
				CLANG_WARN_SUSPICIOUS_MOVE = YES;
				CLANG_WARN_UNGUARDED_AVAILABILITY = YES_AGGRESSIVE;
				CLANG_WARN_UNREACHABLE_CODE = YES;
				CLANG_WARN__DUPLICATE_METHOD_MATCH = YES;
				COPY_PHASE_STRIP = NO;
				DEBUG_INFORMATION_FORMAT = "dwarf-with-dsym";
				DEVELOPMENT_TEAM = BTJJQSGHJG;
				ENABLE_NS_ASSERTIONS = NO;
				ENABLE_STRICT_OBJC_MSGSEND = YES;
				ENABLE_USER_SCRIPT_SANDBOXING = YES;
				GCC_C_LANGUAGE_STANDARD = gnu17;
				GCC_NO_COMMON_BLOCKS = YES;
				GCC_WARN_64_TO_32_BIT_CONVERSION = YES;
				GCC_WARN_ABOUT_RETURN_TYPE = YES_ERROR;
				GCC_WARN_UNDECLARED_SELECTOR = YES;
				GCC_WARN_UNINITIALIZED_AUTOS = YES_AGGRESSIVE;
				GCC_WARN_UNUSED_FUNCTION = YES;
				GCC_WARN_UNUSED_VARIABLE = YES;
				IPHONEOS_DEPLOYMENT_TARGET = 18.4;
				LOCALIZATION_PREFERS_STRING_CATALOGS = YES;
				MTL_ENABLE_DEBUG_INFO = NO;
				MTL_FAST_MATH = YES;
				SDKROOT = iphoneos;
				SWIFT_COMPILATION_MODE = wholemodule;
				VALIDATE_PRODUCT = YES;
			};
			name = Release;
		};
		1C2292AC2D9EC35C0006B643 /* Debug */ = {
			isa = XCBuildConfiguration;
			buildSettings = {
				ASSETCATALOG_COMPILER_APPICON_NAME = AppIcon;
				ASSETCATALOG_COMPILER_GLOBAL_ACCENT_COLOR_NAME = AccentColor;
				CODE_SIGN_STYLE = Automatic;
				CURRENT_PROJECT_VERSION = 1;
				DEVELOPMENT_TEAM = BTJJQSGHJG;
				ENABLE_PREVIEWS = YES;
				GENERATE_INFOPLIST_FILE = YES;
				INFOPLIST_KEY_NSCameraUsageDescription = "PuzzleCompass需要访问您的相机以拍摄拼图和拼图碎片照片";
				INFOPLIST_KEY_NSPhotoLibraryUsageDescription = "PuzzleCompass需要访问您的照片库以选择拼图和拼图碎片的照片";
				INFOPLIST_KEY_UIApplicationSceneManifest_Generation = YES;
				INFOPLIST_KEY_UIApplicationSupportsIndirectInputEvents = YES;
				INFOPLIST_KEY_UILaunchScreen_Generation = YES;
				INFOPLIST_KEY_UISupportedInterfaceOrientations_iPad = "UIInterfaceOrientationPortrait UIInterfaceOrientationPortraitUpsideDown UIInterfaceOrientationLandscapeLeft UIInterfaceOrientationLandscapeRight";
				INFOPLIST_KEY_UISupportedInterfaceOrientations_iPhone = "UIInterfaceOrientationPortrait UIInterfaceOrientationLandscapeLeft UIInterfaceOrientationLandscapeRight";
				IPHONEOS_DEPLOYMENT_TARGET = 16.6;
				LD_RUNPATH_SEARCH_PATHS = (
					"$(inherited)",
					"@executable_path/Frameworks",
				);
				MARKETING_VERSION = 1.0;
				PRODUCT_BUNDLE_IDENTIFIER = Machine.PuzzleCompass;
				PRODUCT_NAME = "$(TARGET_NAME)";
				SWIFT_EMIT_LOC_STRINGS = YES;
				SWIFT_VERSION = 5.0;
				TARGETED_DEVICE_FAMILY = "1,2";
			};
			name = Debug;
		};
		1C2292AD2D9EC35C0006B643 /* Release */ = {
			isa = XCBuildConfiguration;
			buildSettings = {
				ASSETCATALOG_COMPILER_APPICON_NAME = AppIcon;
				ASSETCATALOG_COMPILER_GLOBAL_ACCENT_COLOR_NAME = AccentColor;
				CODE_SIGN_STYLE = Automatic;
				CURRENT_PROJECT_VERSION = 1;
				DEVELOPMENT_TEAM = BTJJQSGHJG;
				ENABLE_PREVIEWS = YES;
				GENERATE_INFOPLIST_FILE = YES;
				INFOPLIST_KEY_NSCameraUsageDescription = "PuzzleCompass需要访问您的相机以拍摄拼图和拼图碎片照片";
				INFOPLIST_KEY_NSPhotoLibraryUsageDescription = "PuzzleCompass需要访问您的照片库以选择拼图和拼图碎片的照片";
				INFOPLIST_KEY_UIApplicationSceneManifest_Generation = YES;
				INFOPLIST_KEY_UIApplicationSupportsIndirectInputEvents = YES;
				INFOPLIST_KEY_UILaunchScreen_Generation = YES;
				INFOPLIST_KEY_UISupportedInterfaceOrientations_iPad = "UIInterfaceOrientationPortrait UIInterfaceOrientationPortraitUpsideDown UIInterfaceOrientationLandscapeLeft UIInterfaceOrientationLandscapeRight";
				INFOPLIST_KEY_UISupportedInterfaceOrientations_iPhone = "UIInterfaceOrientationPortrait UIInterfaceOrientationLandscapeLeft UIInterfaceOrientationLandscapeRight";
				IPHONEOS_DEPLOYMENT_TARGET = 16.6;
				LD_RUNPATH_SEARCH_PATHS = (
					"$(inherited)",
					"@executable_path/Frameworks",
				);
				MARKETING_VERSION = 1.0;
				PRODUCT_BUNDLE_IDENTIFIER = Machine.PuzzleCompass;
				PRODUCT_NAME = "$(TARGET_NAME)";
				SWIFT_EMIT_LOC_STRINGS = YES;
				SWIFT_VERSION = 5.0;
				TARGETED_DEVICE_FAMILY = "1,2";
			};
			name = Release;
		};
		1C2292AF2D9EC35C0006B643 /* Debug */ = {
			isa = XCBuildConfiguration;
			buildSettings = {
				BUNDLE_LOADER = "$(TEST_HOST)";
				CODE_SIGN_STYLE = Automatic;
				CURRENT_PROJECT_VERSION = 1;
				DEVELOPMENT_TEAM = BTJJQSGHJG;
				GENERATE_INFOPLIST_FILE = YES;
				IPHONEOS_DEPLOYMENT_TARGET = 18.4;
				MARKETING_VERSION = 1.0;
				PRODUCT_BUNDLE_IDENTIFIER = Machine.PuzzleCompassTests;
				PRODUCT_NAME = "$(TARGET_NAME)";
				SWIFT_EMIT_LOC_STRINGS = NO;
				SWIFT_VERSION = 5.0;
				TARGETED_DEVICE_FAMILY = "1,2";
				TEST_HOST = "$(BUILT_PRODUCTS_DIR)/PuzzleCompass.app/$(BUNDLE_EXECUTABLE_FOLDER_PATH)/PuzzleCompass";
			};
			name = Debug;
		};
		1C2292B02D9EC35C0006B643 /* Release */ = {
			isa = XCBuildConfiguration;
			buildSettings = {
				BUNDLE_LOADER = "$(TEST_HOST)";
				CODE_SIGN_STYLE = Automatic;
				CURRENT_PROJECT_VERSION = 1;
				DEVELOPMENT_TEAM = BTJJQSGHJG;
				GENERATE_INFOPLIST_FILE = YES;
				IPHONEOS_DEPLOYMENT_TARGET = 18.4;
				MARKETING_VERSION = 1.0;
				PRODUCT_BUNDLE_IDENTIFIER = Machine.PuzzleCompassTests;
				PRODUCT_NAME = "$(TARGET_NAME)";
				SWIFT_EMIT_LOC_STRINGS = NO;
				SWIFT_VERSION = 5.0;
				TARGETED_DEVICE_FAMILY = "1,2";
				TEST_HOST = "$(BUILT_PRODUCTS_DIR)/PuzzleCompass.app/$(BUNDLE_EXECUTABLE_FOLDER_PATH)/PuzzleCompass";
			};
			name = Release;
		};
		1C2292B22D9EC35C0006B643 /* Debug */ = {
			isa = XCBuildConfiguration;
			buildSettings = {
				CODE_SIGN_STYLE = Automatic;
				CURRENT_PROJECT_VERSION = 1;
				DEVELOPMENT_TEAM = BTJJQSGHJG;
				GENERATE_INFOPLIST_FILE = YES;
				MARKETING_VERSION = 1.0;
				PRODUCT_BUNDLE_IDENTIFIER = Machine.PuzzleCompassUITests;
				PRODUCT_NAME = "$(TARGET_NAME)";
				SWIFT_EMIT_LOC_STRINGS = NO;
				SWIFT_VERSION = 5.0;
				TARGETED_DEVICE_FAMILY = "1,2";
				TEST_TARGET_NAME = PuzzleCompass;
			};
			name = Debug;
		};
		1C2292B32D9EC35C0006B643 /* Release */ = {
			isa = XCBuildConfiguration;
			buildSettings = {
				CODE_SIGN_STYLE = Automatic;
				CURRENT_PROJECT_VERSION = 1;
				DEVELOPMENT_TEAM = BTJJQSGHJG;
				GENERATE_INFOPLIST_FILE = YES;
				MARKETING_VERSION = 1.0;
				PRODUCT_BUNDLE_IDENTIFIER = Machine.PuzzleCompassUITests;
				PRODUCT_NAME = "$(TARGET_NAME)";
				SWIFT_EMIT_LOC_STRINGS = NO;
				SWIFT_VERSION = 5.0;
				TARGETED_DEVICE_FAMILY = "1,2";
				TEST_TARGET_NAME = PuzzleCompass;
			};
			name = Release;
		};
/* End XCBuildConfiguration section */

/* Begin XCConfigurationList section */
		1C2292852D9EC3560006B643 /* Build configuration list for PBXProject "PuzzleCompass" */ = {
			isa = XCConfigurationList;
			buildConfigurations = (
				1C2292A92D9EC35C0006B643 /* Debug */,
				1C2292AA2D9EC35C0006B643 /* Release */,
			);
			defaultConfigurationIsVisible = 0;
			defaultConfigurationName = Release;
		};
		1C2292AB2D9EC35C0006B643 /* Build configuration list for PBXNativeTarget "PuzzleCompass" */ = {
			isa = XCConfigurationList;
			buildConfigurations = (
				1C2292AC2D9EC35C0006B643 /* Debug */,
				1C2292AD2D9EC35C0006B643 /* Release */,
			);
			defaultConfigurationIsVisible = 0;
			defaultConfigurationName = Release;
		};
		1C2292AE2D9EC35C0006B643 /* Build configuration list for PBXNativeTarget "PuzzleCompassTests" */ = {
			isa = XCConfigurationList;
			buildConfigurations = (
				1C2292AF2D9EC35C0006B643 /* Debug */,
				1C2292B02D9EC35C0006B643 /* Release */,
			);
			defaultConfigurationIsVisible = 0;
			defaultConfigurationName = Release;
		};
		1C2292B12D9EC35C0006B643 /* Build configuration list for PBXNativeTarget "PuzzleCompassUITests" */ = {
			isa = XCConfigurationList;
			buildConfigurations = (
				1C2292B22D9EC35C0006B643 /* Debug */,
				1C2292B32D9EC35C0006B643 /* Release */,
			);
			defaultConfigurationIsVisible = 0;
			defaultConfigurationName = Release;
		};
/* End XCConfigurationList section */
	};
	rootObject = 1C2292822D9EC3560006B643 /* Project object */;
}
